{
  "nodes": {
    "nixCats": {
      "locked": {
        "lastModified": 1751874031,
        "narHash": "sha256-Bj8RGeMMNT4MThQJaKjML123kTXiKtTPsXWC2ieaiDc=",
        "owner": "BirdeeHub",
        "repo": "nixCats-nvim",
        "rev": "a985eb3e7d30d3f9c9cf7e8a8718d2d10126bcbd",
        "type": "github"
      },
      "original": {
        "owner": "BirdeeHub",
        "repo": "nixCats-nvim",
        "type": "github"
      }
    },
    "nixpkgs": {
      "locked": {
        "lastModified": 1752683762,
        "narHash": "sha256-CVC4bpthYhKk4Qb4mt00SqfJ7CJ4vfTX06pLN2OHa1c=",
        "owner": "nixos",
        "repo": "nixpkgs",
        "rev": "fa64ec5c1ca6f17746f3defedb988b9248e97616",
        "type": "github"
      },
      "original": {
        "owner": "nixos",
        "ref": "nixpkgs-unstable",
        "repo": "nixpkgs",
        "type": "github"
      }
    },
    "root": {
      "inputs": {
        "nixCats": "nixCats",
        "nixpkgs": "nixpkgs"
      }
    }
  },
  "root": "root",
  "version": 7
}
